
Microsoft Visual Studio Solution File, Format Version 11.00
# Visual Studio 2010
Project("{FAE04EC0-301F-11D3-BF4B-00C04F79EFBC}") = "PokémonKing", "Assembly-CSharp.csproj", "{CBB7BF8E-DFE6-C4F2-7486-12A41A78BC44}"
EndProject
Global
	GlobalSection(SolutionConfigurationPlatforms) = preSolution
		Debug|Any CPU = Debug|Any CPU
		Release|Any CPU = Release|Any CPU
	EndGlobalSection
	GlobalSection(ProjectConfigurationPlatforms) = postSolution
		{CBB7BF8E-DFE6-C4F2-7486-12A41A78BC44}.Debug|Any CPU.ActiveCfg = Debug|Any CPU
		{CBB7BF8E-DFE6-C4F2-7486-12A41A78BC44}.Debug|Any CPU.Build.0 = Debug|Any CPU
		{CBB7BF8E-DFE6-C4F2-7486-12A41A78BC44}.Release|Any CPU.ActiveCfg = Release|Any CPU
		{CBB7BF8E-DFE6-C4F2-7486-12A41A78BC44}.Release|Any CPU.Build.0 = Release|Any CPU
	EndGlobalSection
	GlobalSection(SolutionProperties) = preSolution
		HideSolutionNode = FALSE
	EndGlobalSection
	GlobalSection(MonoDevelopProperties) = preSolution
		StartupItem = Assembly-CSharp.csproj
	EndGlobalSection
EndGlobal
